// !$*UTF8*$!
{
	archiveVersion = 1;
	classes = {
	};
	objectVersion = 46;
	objects = {

/* Begin PBXBuildFile section */
		C56E38BF1EDCF726004F18F1 /* AppDelegate.swift in Sources */ = {isa = PBXBuildFile; fileRef = C56E38BE1EDCF726004F18F1 /* AppDelegate.swift */; };
		C56E38C11EDCF726004F18F1 /* ViewController.swift in Sources */ = {isa = PBXBuildFile; fileRef = C56E38C01EDCF726004F18F1 /* ViewController.swift */; };
		C56E38C41EDCF726004F18F1 /* Main.storyboard in Resources */ = {isa = PBXBuildFile; fileRef = C56E38C21EDCF726004F18F1 /* Main.storyboard */; };
		C56E38C61EDCF726004F18F1 /* Assets.xcassets in Resources */ = {isa = PBXBuildFile; fileRef = C56E38C51EDCF726004F18F1 /* Assets.xcassets */; };
		C56E38C91EDCF726004F18F1 /* LaunchScreen.storyboard in Resources */ = {isa = PBXBuildFile; fileRef = C56E38C71EDCF726004F18F1 /* LaunchScreen.storyboard */; };
		C56E38D41EDCF726004F18F1 /* _7_AnchorPointTests.swift in Sources */ = {isa = PBXBuildFile; fileRef = C56E38D31EDCF726004F18F1 /* _7_AnchorPointTests.swift */; };
		C56E38DF1EDCF726004F18F1 /* _7_AnchorPointUITests.swift in Sources */ = {isa = PBXBuildFile; fileRef = C56E38DE1EDCF726004F18F1 /* _7_AnchorPointUITests.swift */; };
/* End PBXBuildFile section */

/* Begin PBXContainerItemProxy section */
		C56E38D01EDCF726004F18F1 /* PBXContainerItemProxy */ = {
			isa = PBXContainerItemProxy;
			containerPortal = C56E38B31EDCF725004F18F1 /* Project object */;
			proxyType = 1;
			remoteGlobalIDString = C56E38BA1EDCF725004F18F1;
			remoteInfo = "17-AnchorPoint";
		};
		C56E38DB1EDCF726004F18F1 /* PBXContainerItemProxy */ = {
			isa = PBXContainerItemProxy;
			containerPortal = C56E38B31EDCF725004F18F1 /* Project object */;
			proxyType = 1;
			remoteGlobalIDString = C56E38BA1EDCF725004F18F1;
			remoteInfo = "17-AnchorPoint";
		};
/* End PBXContainerItemProxy section */

/* Begin PBXFileReference section */
		C56E38BB1EDCF725004F18F1 /* 17-AnchorPoint.app */ = {isa = PBXFileReference; explicitFileType = wrapper.application; includeInIndex = 0; path = "17-AnchorPoint.app"; sourceTree = BUILT_PRODUCTS_DIR; };
		C56E38BE1EDCF726004F18F1 /* AppDelegate.swift */ = {isa = PBXFileReference; lastKnownFileType = sourcecode.swift; path = AppDelegate.swift; sourceTree = "<group>"; };
		C56E38C01EDCF726004F18F1 /* ViewController.swift */ = {isa = PBXFileReference; lastKnownFileType = sourcecode.swift; path = ViewController.swift; sourceTree = "<group>"; };
		C56E38C31EDCF726004F18F1 /* Base */ = {isa = PBXFileReference; lastKnownFileType = file.storyboard; name = Base; path = Base.lproj/Main.storyboard; sourceTree = "<group>"; };
		C56E38C51EDCF726004F18F1 /* Assets.xcassets */ = {isa = PBXFileReference; lastKnownFileType = folder.assetcatalog; path = Assets.xcassets; sourceTree = "<group>"; };
		C56E38C81EDCF726004F18F1 /* Base */ = {isa = PBXFileReference; lastKnownFileType = file.storyboard; name = Base; path = Base.lproj/LaunchScreen.storyboard; sourceTree = "<group>"; };
		C56E38CA1EDCF726004F18F1 /* Info.plist */ = {isa = PBXFileReference; lastKnownFileType = text.plist.xml; path = Info.plist; sourceTree = "<group>"; };
		C56E38CF1EDCF726004F18F1 /* 17-AnchorPointTests.xctest */ = {isa = PBXFileReference; explicitFileType = wrapper.cfbundle; includeInIndex = 0; path = "17-AnchorPointTests.xctest"; sourceTree = BUILT_PRODUCTS_DIR; };
		C56E38D31EDCF726004F18F1 /* _7_AnchorPointTests.swift */ = {isa = PBXFileReference; lastKnownFileType = sourcecode.swift; path = _7_AnchorPointTests.swift; sourceTree = "<group>"; };
		C56E38D51EDCF726004F18F1 /* Info.plist */ = {isa = PBXFileReference; lastKnownFileType = text.plist.xml; path = Info.plist; sourceTree = "<group>"; };
		C56E38DA1EDCF726004F18F1 /* 17-AnchorPointUITests.xctest */ = {isa = PBXFileReference; explicitFileType = wrapper.cfbundle; includeInIndex = 0; path = "17-AnchorPointUITests.xctest"; sourceTree = BUILT_PRODUCTS_DIR; };
		C56E38DE1EDCF726004F18F1 /* _7_AnchorPointUITests.swift */ = {isa = PBXFileReference; lastKnownFileType = sourcecode.swift; path = _7_AnchorPointUITests.swift; sourceTree = "<group>"; };
		C56E38E01EDCF726004F18F1 /* Info.plist */ = {isa = PBXFileReference; lastKnownFileType = text.plist.xml; path = Info.plist; sourceTree = "<group>"; };
/* End PBXFileReference section */

/* Begin PBXFrameworksBuildPhase section */
		C56E38B81EDCF725004F18F1 /* Frameworks */ = {
			isa = PBXFrameworksBuildPhase;
			buildActionMask = 2147483647;
			files = (
			);
			runOnlyForDeploymentPostprocessing = 0;
		};
		C56E38CC1EDCF726004F18F1 /* Frameworks */ = {
			isa = PBXFrameworksBuildPhase;
			buildActionMask = 2147483647;
			files = (
			);
			runOnlyForDeploymentPostprocessing = 0;
		};
		C56E38D71EDCF726004F18F1 /* Frameworks */ = {
			isa = PBXFrameworksBuildPhase;
			buildActionMask = 2147483647;
			files = (
			);
			runOnlyForDeploymentPostprocessing = 0;
		};
/* End PBXFrameworksBuildPhase section */

/* Begin PBXGroup section */
		C56E38B21EDCF725004F18F1 = {
			isa = PBXGroup;
			children = (
				C56E38BD1EDCF725004F18F1 /* 17-AnchorPoint */,
				C56E38D21EDCF726004F18F1 /* 17-AnchorPointTests */,
				C56E38DD1EDCF726004F18F1 /* 17-AnchorPointUITests */,
				C56E38BC1EDCF725004F18F1 /* Products */,
			);
			sourceTree = "<group>";
		};
		C56E38BC1EDCF725004F18F1 /* Products */ = {
			isa = PBXGroup;
			children = (
				C56E38BB1EDCF725004F18F1 /* 17-AnchorPoint.app */,
				C56E38CF1EDCF726004F18F1 /* 17-AnchorPointTests.xctest */,
				C56E38DA1EDCF726004F18F1 /* 17-AnchorPointUITests.xctest */,
			);
			name = Products;
			sourceTree = "<group>";
		};
		C56E38BD1EDCF725004F18F1 /* 17-AnchorPoint */ = {
			isa = PBXGroup;
			children = (
				C56E38BE1EDCF726004F18F1 /* AppDelegate.swift */,
				C56E38C01EDCF726004F18F1 /* ViewController.swift */,
				C56E38C21EDCF726004F18F1 /* Main.storyboard */,
				C56E38C51EDCF726004F18F1 /* Assets.xcassets */,
				C56E38C71EDCF726004F18F1 /* LaunchScreen.storyboard */,
				C56E38CA1EDCF726004F18F1 /* Info.plist */,
			);
			path = "17-AnchorPoint";
			sourceTree = "<group>";
		};
		C56E38D21EDCF726004F18F1 /* 17-AnchorPointTests */ = {
			isa = PBXGroup;
			children = (
				C56E38D31EDCF726004F18F1 /* _7_AnchorPointTests.swift */,
				C56E38D51EDCF726004F18F1 /* Info.plist */,
			);
			path = "17-AnchorPointTests";
			sourceTree = "<group>";
		};
		C56E38DD1EDCF726004F18F1 /* 17-AnchorPointUITests */ = {
			isa = PBXGroup;
			children = (
				C56E38DE1EDCF726004F18F1 /* _7_AnchorPointUITests.swift */,
				C56E38E01EDCF726004F18F1 /* Info.plist */,
			);
			path = "17-AnchorPointUITests";
			sourceTree = "<group>";
		};
/* End PBXGroup section */

/* Begin PBXNativeTarget section */
		C56E38BA1EDCF725004F18F1 /* 17-AnchorPoint */ = {
			isa = PBXNativeTarget;
			buildConfigurationList = C56E38E31EDCF726004F18F1 /* Build configuration list for PBXNativeTarget "17-AnchorPoint" */;
			buildPhases = (
				C56E38B71EDCF725004F18F1 /* Sources */,
				C56E38B81EDCF725004F18F1 /* Frameworks */,
				C56E38B91EDCF725004F18F1 /* Resources */,
			);
			buildRules = (
			);
			dependencies = (
			);
			name = "17-AnchorPoint";
			productName = "17-AnchorPoint";
			productReference = C56E38BB1EDCF725004F18F1 /* 17-AnchorPoint.app */;
			productType = "com.apple.product-type.application";
		};
		C56E38CE1EDCF726004F18F1 /* 17-AnchorPointTests */ = {
			isa = PBXNativeTarget;
			buildConfigurationList = C56E38E61EDCF726004F18F1 /* Build configuration list for PBXNativeTarget "17-AnchorPointTests" */;
			buildPhases = (
				C56E38CB1EDCF726004F18F1 /* Sources */,
				C56E38CC1EDCF726004F18F1 /* Frameworks */,
				C56E38CD1EDCF726004F18F1 /* Resources */,
			);
			buildRules = (
			);
			dependencies = (
				C56E38D11EDCF726004F18F1 /* PBXTargetDependency */,
			);
			name = "17-AnchorPointTests";
			productName = "17-AnchorPointTests";
			productReference = C56E38CF1EDCF726004F18F1 /* 17-AnchorPointTests.xctest */;
			productType = "com.apple.product-type.bundle.unit-test";
		};
		C56E38D91EDCF726004F18F1 /* 17-AnchorPointUITests */ = {
			isa = PBXNativeTarget;
			buildConfigurationList = C56E38E91EDCF726004F18F1 /* Build configuration list for PBXNativeTarget "17-AnchorPointUITests" */;
			buildPhases = (
				C56E38D61EDCF726004F18F1 /* Sources */,
				C56E38D71EDCF726004F18F1 /* Frameworks */,
				C56E38D81EDCF726004F18F1 /* Resources */,
			);
			buildRules = (
			);
			dependencies = (
				C56E38DC1EDCF726004F18F1 /* PBXTargetDependency */,
			);
			name = "17-AnchorPointUITests";
			productName = "17-AnchorPointUITests";
			productReference = C56E38DA1EDCF726004F18F1 /* 17-AnchorPointUITests.xctest */;
			productType = "com.apple.product-type.bundle.ui-testing";
		};
/* End PBXNativeTarget section */

/* Begin PBXProject section */
		C56E38B31EDCF725004F18F1 /* Project object */ = {
			isa = PBXProject;
			attributes = {
				LastSwiftUpdateCheck = 0830;
				LastUpgradeCheck = 0830;
				ORGANIZATIONNAME = FlyElephant;
				TargetAttributes = {
					C56E38BA1EDCF725004F18F1 = {
						CreatedOnToolsVersion = 8.3.2;
						ProvisioningStyle = Automatic;
					};
					C56E38CE1EDCF726004F18F1 = {
						CreatedOnToolsVersion = 8.3.2;
						ProvisioningStyle = Automatic;
						TestTargetID = C56E38BA1EDCF725004F18F1;
					};
					C56E38D91EDCF726004F18F1 = {
						CreatedOnToolsVersion = 8.3.2;
						ProvisioningStyle = Automatic;
						TestTargetID = C56E38BA1EDCF725004F18F1;
					};
				};
			};
			buildConfigurationList = C56E38B61EDCF725004F18F1 /* Build configuration list for PBXProject "17-AnchorPoint" */;
			compatibilityVersion = "Xcode 3.2";
			developmentRegion = English;
			hasScannedForEncodings = 0;
			knownRegions = (
				en,
				Base,
			);
			mainGroup = C56E38B21EDCF725004F18F1;
			productRefGroup = C56E38BC1EDCF725004F18F1 /* Products */;
			projectDirPath = "";
			projectRoot = "";
			targets = (
				C56E38BA1EDCF725004F18F1 /* 17-AnchorPoint */,
				C56E38CE1EDCF726004F18F1 /* 17-AnchorPointTests */,
				C56E38D91EDCF726004F18F1 /* 17-AnchorPointUITests */,
			);
		};
/* End PBXProject section */

/* Begin PBXResourcesBuildPhase section */
		C56E38B91EDCF725004F18F1 /* Resources */ = {
			isa = PBXResourcesBuildPhase;
			buildActionMask = 2147483647;
			files = (
				C56E38C91EDCF726004F18F1 /* LaunchScreen.storyboard in Resources */,
				C56E38C61EDCF726004F18F1 /* Assets.xcassets in Resources */,
				C56E38C41EDCF726004F18F1 /* Main.storyboard in Resources */,
			);
			runOnlyForDeploymentPostprocessing = 0;
		};
		C56E38CD1EDCF726004F18F1 /* Resources */ = {
			isa = PBXResourcesBuildPhase;
			buildActionMask = 2147483647;
			files = (
			);
			runOnlyForDeploymentPostprocessing = 0;
		};
		C56E38D81EDCF726004F18F1 /* Resources */ = {
			isa = PBXResourcesBuildPhase;
			buildActionMask = 2147483647;
			files = (
			);
			runOnlyForDeploymentPostprocessing = 0;
		};
/* End PBXResourcesBuildPhase section */

/* Begin PBXSourcesBuildPhase section */
		C56E38B71EDCF725004F18F1 /* Sources */ = {
			isa = PBXSourcesBuildPhase;
			buildActionMask = 2147483647;
			files = (
				C56E38C11EDCF726004F18F1 /* ViewController.swift in Sources */,
				C56E38BF1EDCF726004F18F1 /* AppDelegate.swift in Sources */,
			);
			runOnlyForDeploymentPostprocessing = 0;
		};
		C56E38CB1EDCF726004F18F1 /* Sources */ = {
			isa = PBXSourcesBuildPhase;
			buildActionMask = 2147483647;
			files = (
				C56E38D41EDCF726004F18F1 /* _7_AnchorPointTests.swift in Sources */,
			);
			runOnlyForDeploymentPostprocessing = 0;
		};
		C56E38D61EDCF726004F18F1 /* Sources */ = {
			isa = PBXSourcesBuildPhase;
			buildActionMask = 2147483647;
			files = (
				C56E38DF1EDCF726004F18F1 /* _7_AnchorPointUITests.swift in Sources */,
			);
			runOnlyForDeploymentPostprocessing = 0;
		};
/* End PBXSourcesBuildPhase section */

/* Begin PBXTargetDependency section */
		C56E38D11EDCF726004F18F1 /* PBXTargetDependency */ = {
			isa = PBXTargetDependency;
			target = C56E38BA1EDCF725004F18F1 /* 17-AnchorPoint */;
			targetProxy = C56E38D01EDCF726004F18F1 /* PBXContainerItemProxy */;
		};
		C56E38DC1EDCF726004F18F1 /* PBXTargetDependency */ = {
			isa = PBXTargetDependency;
			target = C56E38BA1EDCF725004F18F1 /* 17-AnchorPoint */;
			targetProxy = C56E38DB1EDCF726004F18F1 /* PBXContainerItemProxy */;
		};
/* End PBXTargetDependency section */

/* Begin PBXVariantGroup section */
		C56E38C21EDCF726004F18F1 /* Main.storyboard */ = {
			isa = PBXVariantGroup;
			children = (
				C56E38C31EDCF726004F18F1 /* Base */,
			);
			name = Main.storyboard;
			sourceTree = "<group>";
		};
		C56E38C71EDCF726004F18F1 /* LaunchScreen.storyboard */ = {
			isa = PBXVariantGroup;
			children = (
				C56E38C81EDCF726004F18F1 /* Base */,
			);
			name = LaunchScreen.storyboard;
			sourceTree = "<group>";
		};
/* End PBXVariantGroup section */

/* Begin XCBuildConfiguration section */
		C56E38E11EDCF726004F18F1 /* Debug */ = {
			isa = XCBuildConfiguration;
			buildSettings = {
				ALWAYS_SEARCH_USER_PATHS = NO;
				CLANG_ANALYZER_NONNULL = YES;
				CLANG_ANALYZER_NUMBER_OBJECT_CONVERSION = YES_AGGRESSIVE;
				CLANG_CXX_LANGUAGE_STANDARD = "gnu++0x";
				CLANG_CXX_LIBRARY = "libc++";
				CLANG_ENABLE_MODULES = YES;
				CLANG_ENABLE_OBJC_ARC = YES;
				CLANG_WARN_BOOL_CONVERSION = YES;
				CLANG_WARN_CONSTANT_CONVERSION = YES;
				CLANG_WARN_DIRECT_OBJC_ISA_USAGE = YES_ERROR;
				CLANG_WARN_DOCUMENTATION_COMMENTS = YES;
				CLANG_WARN_EMPTY_BODY = YES;
				CLANG_WARN_ENUM_CONVERSION = YES;
				CLANG_WARN_INFINITE_RECURSION = YES;
				CLANG_WARN_INT_CONVERSION = YES;
				CLANG_WARN_OBJC_ROOT_CLASS = YES_ERROR;
				CLANG_WARN_SUSPICIOUS_MOVE = YES;
				CLANG_WARN_UNREACHABLE_CODE = YES;
				CLANG_WARN__DUPLICATE_METHOD_MATCH = YES;
				"CODE_SIGN_IDENTITY[sdk=iphoneos*]" = "iPhone Developer";
				COPY_PHASE_STRIP = NO;
				DEBUG_INFORMATION_FORMAT = dwarf;
				ENABLE_STRICT_OBJC_MSGSEND = YES;
				ENABLE_TESTABILITY = YES;
				GCC_C_LANGUAGE_STANDARD = gnu99;
				GCC_DYNAMIC_NO_PIC = NO;
				GCC_NO_COMMON_BLOCKS = YES;
				GCC_OPTIMIZATION_LEVEL = 0;
				GCC_PREPROCESSOR_DEFINITIONS = (
					"DEBUG=1",
					"$(inherited)",
				);
				GCC_WARN_64_TO_32_BIT_CONVERSION = YES;
				GCC_WARN_ABOUT_RETURN_TYPE = YES_ERROR;
				GCC_WARN_UNDECLARED_SELECTOR = YES;
				GCC_WARN_UNINITIALIZED_AUTOS = YES_AGGRESSIVE;
				GCC_WARN_UNUSED_FUNCTION = YES;
				GCC_WARN_UNUSED_VARIABLE = YES;
				IPHONEOS_DEPLOYMENT_TARGET = 10.3;
				MTL_ENABLE_DEBUG_INFO = YES;
				ONLY_ACTIVE_ARCH = YES;
				SDKROOT = iphoneos;
				SWIFT_ACTIVE_COMPILATION_CONDITIONS = DEBUG;
				SWIFT_OPTIMIZATION_LEVEL = "-Onone";
			};
			name = Debug;
		};
		C56E38E21EDCF726004F18F1 /* Release */ = {
			isa = XCBuildConfiguration;
			buildSettings = {
				ALWAYS_SEARCH_USER_PATHS = NO;
				CLANG_ANALYZER_NONNULL = YES;
				CLANG_ANALYZER_NUMBER_OBJECT_CONVERSION = YES_AGGRESSIVE;
				CLANG_CXX_LANGUAGE_STANDARD = "gnu++0x";
				CLANG_CXX_LIBRARY = "libc++";
				CLANG_ENABLE_MODULES = YES;
				CLANG_ENABLE_OBJC_ARC = YES;
				CLANG_WARN_BOOL_CONVERSION = YES;
				CLANG_WARN_CONSTANT_CONVERSION = YES;
				CLANG_WARN_DIRECT_OBJC_ISA_USAGE = YES_ERROR;
				CLANG_WARN_DOCUMENTATION_COMMENTS = YES;
				CLANG_WARN_EMPTY_BODY = YES;
				CLANG_WARN_ENUM_CONVERSION = YES;
				CLANG_WARN_INFINITE_RECURSION = YES;
				CLANG_WARN_INT_CONVERSION = YES;
				CLANG_WARN_OBJC_ROOT_CLASS = YES_ERROR;
				CLANG_WARN_SUSPICIOUS_MOVE = YES;
				CLANG_WARN_UNREACHABLE_CODE = YES;
				CLANG_WARN__DUPLICATE_METHOD_MATCH = YES;
				"CODE_SIGN_IDENTITY[sdk=iphoneos*]" = "iPhone Developer";
				COPY_PHASE_STRIP = NO;
				DEBUG_INFORMATION_FORMAT = "dwarf-with-dsym";
				ENABLE_NS_ASSERTIONS = NO;
				ENABLE_STRICT_OBJC_MSGSEND = YES;
				GCC_C_LANGUAGE_STANDARD = gnu99;
				GCC_NO_COMMON_BLOCKS = YES;
				GCC_WARN_64_TO_32_BIT_CONVERSION = YES;
				GCC_WARN_ABOUT_RETURN_TYPE = YES_ERROR;
				GCC_WARN_UNDECLARED_SELECTOR = YES;
				GCC_WARN_UNINITIALIZED_AUTOS = YES_AGGRESSIVE;
				GCC_WARN_UNUSED_FUNCTION = YES;
				GCC_WARN_UNUSED_VARIABLE = YES;
				IPHONEOS_DEPLOYMENT_TARGET = 10.3;
				MTL_ENABLE_DEBUG_INFO = NO;
				SDKROOT = iphoneos;
				SWIFT_OPTIMIZATION_LEVEL = "-Owholemodule";
				VALIDATE_PRODUCT = YES;
			};
			name = Release;
		};
		C56E38E41EDCF726004F18F1 /* Debug */ = {
			isa = XCBuildConfiguration;
			buildSettings = {
				ASSETCATALOG_COMPILER_APPICON_NAME = AppIcon;
				INFOPLIST_FILE = "17-AnchorPoint/Info.plist";
				IPHONEOS_DEPLOYMENT_TARGET = 8.0;
				LD_RUNPATH_SEARCH_PATHS = "$(inherited) @executable_path/Frameworks";
				PRODUCT_BUNDLE_IDENTIFIER = "github.com-SmallElephant.-7-AnchorPoint";
				PRODUCT_NAME = "$(TARGET_NAME)";
				SWIFT_VERSION = 3.0;
			};
			name = Debug;
		};
		C56E38E51EDCF726004F18F1 /* Release */ = {
			isa = XCBuildConfiguration;
			buildSettings = {
				ASSETCATALOG_COMPILER_APPICON_NAME = AppIcon;
				INFOPLIST_FILE = "17-AnchorPoint/Info.plist";
				IPHONEOS_DEPLOYMENT_TARGET = 8.0;
				LD_RUNPATH_SEARCH_PATHS = "$(inherited) @executable_path/Frameworks";
				PRODUCT_BUNDLE_IDENTIFIER = "github.com-SmallElephant.-7-AnchorPoint";
				PRODUCT_NAME = "$(TARGET_NAME)";
				SWIFT_VERSION = 3.0;
			};
			name = Release;
		};
		C56E38E71EDCF726004F18F1 /* Debug */ = {
			isa = XCBuildConfiguration;
			buildSettings = {
				ALWAYS_EMBED_SWIFT_STANDARD_LIBRARIES = YES;
				BUNDLE_LOADER = "$(TEST_HOST)";
				INFOPLIST_FILE = "17-AnchorPointTests/Info.plist";
				LD_RUNPATH_SEARCH_PATHS = "$(inherited) @executable_path/Frameworks @loader_path/Frameworks";
				PRODUCT_BUNDLE_IDENTIFIER = "github.com-SmallElephant.-7-AnchorPointTests";
				PRODUCT_NAME = "$(TARGET_NAME)";
				SWIFT_VERSION = 3.0;
				TEST_HOST = "$(BUILT_PRODUCTS_DIR)/17-AnchorPoint.app/17-AnchorPoint";
			};
			name = Debug;
		};
		C56E38E81EDCF726004F18F1 /* Release */ = {
			isa = XCBuildConfiguration;
			buildSettings = {
				ALWAYS_EMBED_SWIFT_STANDARD_LIBRARIES = YES;
				BUNDLE_LOADER = "$(TEST_HOST)";
				INFOPLIST_FILE = "17-AnchorPointTests/Info.plist";
				LD_RUNPATH_SEARCH_PATHS = "$(inherited) @executable_path/Frameworks @loader_path/Frameworks";
				PRODUCT_BUNDLE_IDENTIFIER = "github.com-SmallElephant.-7-AnchorPointTests";
				PRODUCT_NAME = "$(TARGET_NAME)";
				SWIFT_VERSION = 3.0;
				TEST_HOST = "$(BUILT_PRODUCTS_DIR)/17-AnchorPoint.app/17-AnchorPoint";
			};
			name = Release;
		};
		C56E38EA1EDCF726004F18F1 /* Debug */ = {
			isa = XCBuildConfiguration;
			buildSettings = {
				ALWAYS_EMBED_SWIFT_STANDARD_LIBRARIES = YES;
				INFOPLIST_FILE = "17-AnchorPointUITests/Info.plist";
				LD_RUNPATH_SEARCH_PATHS = "$(inherited) @executable_path/Frameworks @loader_path/Frameworks";
				PRODUCT_BUNDLE_IDENTIFIER = "github.com-SmallElephant.-7-AnchorPointUITests";
				PRODUCT_NAME = "$(TARGET_NAME)";
				SWIFT_VERSION = 3.0;
				TEST_TARGET_NAME = "17-AnchorPoint";
			};
			name = Debug;
		};
		C56E38EB1EDCF726004F18F1 /* Release */ = {
			isa = XCBuildConfiguration;
			buildSettings = {
				ALWAYS_EMBED_SWIFT_STANDARD_LIBRARIES = YES;
				INFOPLIST_FILE = "17-AnchorPointUITests/Info.plist";
				LD_RUNPATH_SEARCH_PATHS = "$(inherited) @executable_path/Frameworks @loader_path/Frameworks";
				PRODUCT_BUNDLE_IDENTIFIER = "github.com-SmallElephant.-7-AnchorPointUITests";
				PRODUCT_NAME = "$(TARGET_NAME)";
				SWIFT_VERSION = 3.0;
				TEST_TARGET_NAME = "17-AnchorPoint";
			};
			name = Release;
		};
/* End XCBuildConfiguration section */

/* Begin XCConfigurationList section */
		C56E38B61EDCF725004F18F1 /* Build configuration list for PBXProject "17-AnchorPoint" */ = {
			isa = XCConfigurationList;
			buildConfigurations = (
				C56E38E11EDCF726004F18F1 /* Debug */,
				C56E38E21EDCF726004F18F1 /* Release */,
			);
			defaultConfigurationIsVisible = 0;
			defaultConfigurationName = Release;
		};
		C56E38E31EDCF726004F18F1 /* Build configuration list for PBXNativeTarget "17-AnchorPoint" */ = {
			isa = XCConfigurationList;
			buildConfigurations = (
				C56E38E41EDCF726004F18F1 /* Debug */,
				C56E38E51EDCF726004F18F1 /* Release */,
			);
			defaultConfigurationIsVisible = 0;
		};
		C56E38E61EDCF726004F18F1 /* Build configuration list for PBXNativeTarget "17-AnchorPointTests" */ = {
			isa = XCConfigurationList;
			buildConfigurations = (
				C56E38E71EDCF726004F18F1 /* Debug */,
				C56E38E81EDCF726004F18F1 /* Release */,
			);
			defaultConfigurationIsVisible = 0;
		};
		C56E38E91EDCF726004F18F1 /* Build configuration list for PBXNativeTarget "17-AnchorPointUITests" */ = {
			isa = XCConfigurationList;
			buildConfigurations = (
				C56E38EA1EDCF726004F18F1 /* Debug */,
				C56E38EB1EDCF726004F18F1 /* Release */,
			);
			defaultConfigurationIsVisible = 0;
		};
/* End XCConfigurationList section */
	};
	rootObject = C56E38B31EDCF725004F18F1 /* Project object */;
}
